
Microsoft Visual Studio Solution File, Format Version 12.00
# Visual Studio Version 17
VisualStudioVersion = 17.12.35521.163
MinimumVisualStudioVersion = 10.0.40219.1
Project("{FAE04EC0-301F-11D3-BF4B-00C04F79EFBC}") = "AOC-Main", "AOC-Main\AOC-Main.csproj", "{637D23E1-E623-41BB-88C5-4ECF0B6CD508}"
EndProject
Project("{FAE04EC0-301F-11D3-BF4B-00C04F79EFBC}") = "AOC-1", "AOC-1\AOC-1.csproj", "{F5EF7BCD-77DF-449A-8FB2-44A9096CE6E1}"
EndProject
Project("{FAE04EC0-301F-11D3-BF4B-00C04F79EFBC}") = "AOC-2", "AOC-2\AOC-2.csproj", "{2E5EA061-7CE0-43C0-8FB7-61210F873722}"
EndProject
Project("{FAE04EC0-301F-11D3-BF4B-00C04F79EFBC}") = "AOC-3", "AOC-3\AOC-3.csproj", "{0B8CCBEF-CA81-4730-B70E-FA34B94DD616}"
EndProject
Project("{FAE04EC0-301F-11D3-BF4B-00C04F79EFBC}") = "AOC-4", "AOC-4\AOC-4.csproj", "{D2557A28-A0D7-4C57-AC16-B2F690E9F7AE}"
EndProject
Project("{FAE04EC0-301F-11D3-BF4B-00C04F79EFBC}") = "AOC-5", "AOC-5\AOC-5.csproj", "{53470EEE-B5D9-4866-9373-73BF3076C7EE}"
EndProject
Project("{FAE04EC0-301F-11D3-BF4B-00C04F79EFBC}") = "AOC-6", "AOC-6\AOC-6.csproj", "{6DCB628C-6C73-4424-941D-92B3DA9C5181}"
EndProject
Project("{FAE04EC0-301F-11D3-BF4B-00C04F79EFBC}") = "AOC-7", "AOC-7\AOC-7.csproj", "{925226DA-6855-4B05-B238-A49956656F43}"
EndProject
Project("{FAE04EC0-301F-11D3-BF4B-00C04F79EFBC}") = "AOC-8", "AntinodesMap\AOC-8.csproj", "{B6EC895F-831E-4B68-A24F-A58F3E99E18C}"
EndProject
Project("{FAE04EC0-301F-11D3-BF4B-00C04F79EFBC}") = "AOC-9", "AOC-9\AOC-9.csproj", "{D781AD56-0BAC-43A6-BCB7-B39BE2A241F9}"
EndProject
Project("{FAE04EC0-301F-11D3-BF4B-00C04F79EFBC}") = "AOC-10", "AOC-10\AOC-10.csproj", "{1D32DA8E-DFA0-4EAA-9579-FE5DDC475212}"
EndProject
Project("{FAE04EC0-301F-11D3-BF4B-00C04F79EFBC}") = "AOC-11", "AOC-11\AOC-11.csproj", "{7EC8CFBE-8518-45BD-9D4C-7AC53C85A801}"
EndProject
Project("{FAE04EC0-301F-11D3-BF4B-00C04F79EFBC}") = "AOC-12", "AOC-12\AOC-12.csproj", "{97A70750-CC00-450F-887F-33B797CCB861}"
EndProject
Global
	GlobalSection(SolutionConfigurationPlatforms) = preSolution
		Debug|Any CPU = Debug|Any CPU
		Release|Any CPU = Release|Any CPU
	EndGlobalSection
	GlobalSection(ProjectConfigurationPlatforms) = postSolution
		{637D23E1-E623-41BB-88C5-4ECF0B6CD508}.Debug|Any CPU.ActiveCfg = Debug|Any CPU
		{637D23E1-E623-41BB-88C5-4ECF0B6CD508}.Debug|Any CPU.Build.0 = Debug|Any CPU
		{637D23E1-E623-41BB-88C5-4ECF0B6CD508}.Release|Any CPU.ActiveCfg = Release|Any CPU
		{637D23E1-E623-41BB-88C5-4ECF0B6CD508}.Release|Any CPU.Build.0 = Release|Any CPU
		{F5EF7BCD-77DF-449A-8FB2-44A9096CE6E1}.Debug|Any CPU.ActiveCfg = Debug|Any CPU
		{F5EF7BCD-77DF-449A-8FB2-44A9096CE6E1}.Debug|Any CPU.Build.0 = Debug|Any CPU
		{F5EF7BCD-77DF-449A-8FB2-44A9096CE6E1}.Release|Any CPU.ActiveCfg = Release|Any CPU
		{F5EF7BCD-77DF-449A-8FB2-44A9096CE6E1}.Release|Any CPU.Build.0 = Release|Any CPU
		{2E5EA061-7CE0-43C0-8FB7-61210F873722}.Debug|Any CPU.ActiveCfg = Debug|Any CPU
		{2E5EA061-7CE0-43C0-8FB7-61210F873722}.Debug|Any CPU.Build.0 = Debug|Any CPU
		{2E5EA061-7CE0-43C0-8FB7-61210F873722}.Release|Any CPU.ActiveCfg = Release|Any CPU
		{2E5EA061-7CE0-43C0-8FB7-61210F873722}.Release|Any CPU.Build.0 = Release|Any CPU
		{0B8CCBEF-CA81-4730-B70E-FA34B94DD616}.Debug|Any CPU.ActiveCfg = Debug|Any CPU
		{0B8CCBEF-CA81-4730-B70E-FA34B94DD616}.Debug|Any CPU.Build.0 = Debug|Any CPU
		{0B8CCBEF-CA81-4730-B70E-FA34B94DD616}.Release|Any CPU.ActiveCfg = Release|Any CPU
		{0B8CCBEF-CA81-4730-B70E-FA34B94DD616}.Release|Any CPU.Build.0 = Release|Any CPU
		{D2557A28-A0D7-4C57-AC16-B2F690E9F7AE}.Debug|Any CPU.ActiveCfg = Debug|Any CPU
		{D2557A28-A0D7-4C57-AC16-B2F690E9F7AE}.Debug|Any CPU.Build.0 = Debug|Any CPU
		{D2557A28-A0D7-4C57-AC16-B2F690E9F7AE}.Release|Any CPU.ActiveCfg = Release|Any CPU
		{D2557A28-A0D7-4C57-AC16-B2F690E9F7AE}.Release|Any CPU.Build.0 = Release|Any CPU
		{53470EEE-B5D9-4866-9373-73BF3076C7EE}.Debug|Any CPU.ActiveCfg = Debug|Any CPU
		{53470EEE-B5D9-4866-9373-73BF3076C7EE}.Debug|Any CPU.Build.0 = Debug|Any CPU
		{53470EEE-B5D9-4866-9373-73BF3076C7EE}.Release|Any CPU.ActiveCfg = Release|Any CPU
		{53470EEE-B5D9-4866-9373-73BF3076C7EE}.Release|Any CPU.Build.0 = Release|Any CPU
		{6DCB628C-6C73-4424-941D-92B3DA9C5181}.Debug|Any CPU.ActiveCfg = Debug|Any CPU
		{6DCB628C-6C73-4424-941D-92B3DA9C5181}.Debug|Any CPU.Build.0 = Debug|Any CPU
		{6DCB628C-6C73-4424-941D-92B3DA9C5181}.Release|Any CPU.ActiveCfg = Release|Any CPU
		{6DCB628C-6C73-4424-941D-92B3DA9C5181}.Release|Any CPU.Build.0 = Release|Any CPU
		{925226DA-6855-4B05-B238-A49956656F43}.Debug|Any CPU.ActiveCfg = Debug|Any CPU
		{925226DA-6855-4B05-B238-A49956656F43}.Debug|Any CPU.Build.0 = Debug|Any CPU
		{925226DA-6855-4B05-B238-A49956656F43}.Release|Any CPU.ActiveCfg = Release|Any CPU
		{925226DA-6855-4B05-B238-A49956656F43}.Release|Any CPU.Build.0 = Release|Any CPU
		{B6EC895F-831E-4B68-A24F-A58F3E99E18C}.Debug|Any CPU.ActiveCfg = Debug|Any CPU
		{B6EC895F-831E-4B68-A24F-A58F3E99E18C}.Debug|Any CPU.Build.0 = Debug|Any CPU
		{B6EC895F-831E-4B68-A24F-A58F3E99E18C}.Release|Any CPU.ActiveCfg = Release|Any CPU
		{B6EC895F-831E-4B68-A24F-A58F3E99E18C}.Release|Any CPU.Build.0 = Release|Any CPU
		{D781AD56-0BAC-43A6-BCB7-B39BE2A241F9}.Debug|Any CPU.ActiveCfg = Debug|Any CPU
		{D781AD56-0BAC-43A6-BCB7-B39BE2A241F9}.Debug|Any CPU.Build.0 = Debug|Any CPU
		{D781AD56-0BAC-43A6-BCB7-B39BE2A241F9}.Release|Any CPU.ActiveCfg = Release|Any CPU
		{D781AD56-0BAC-43A6-BCB7-B39BE2A241F9}.Release|Any CPU.Build.0 = Release|Any CPU
		{1D32DA8E-DFA0-4EAA-9579-FE5DDC475212}.Debug|Any CPU.ActiveCfg = Debug|Any CPU
		{1D32DA8E-DFA0-4EAA-9579-FE5DDC475212}.Debug|Any CPU.Build.0 = Debug|Any CPU
		{1D32DA8E-DFA0-4EAA-9579-FE5DDC475212}.Release|Any CPU.ActiveCfg = Release|Any CPU
		{1D32DA8E-DFA0-4EAA-9579-FE5DDC475212}.Release|Any CPU.Build.0 = Release|Any CPU
		{7EC8CFBE-8518-45BD-9D4C-7AC53C85A801}.Debug|Any CPU.ActiveCfg = Debug|Any CPU
		{7EC8CFBE-8518-45BD-9D4C-7AC53C85A801}.Debug|Any CPU.Build.0 = Debug|Any CPU
		{7EC8CFBE-8518-45BD-9D4C-7AC53C85A801}.Release|Any CPU.ActiveCfg = Release|Any CPU
		{7EC8CFBE-8518-45BD-9D4C-7AC53C85A801}.Release|Any CPU.Build.0 = Release|Any CPU
		{97A70750-CC00-450F-887F-33B797CCB861}.Debug|Any CPU.ActiveCfg = Debug|Any CPU
		{97A70750-CC00-450F-887F-33B797CCB861}.Debug|Any CPU.Build.0 = Debug|Any CPU
		{97A70750-CC00-450F-887F-33B797CCB861}.Release|Any CPU.ActiveCfg = Release|Any CPU
		{97A70750-CC00-450F-887F-33B797CCB861}.Release|Any CPU.Build.0 = Release|Any CPU
	EndGlobalSection
	GlobalSection(SolutionProperties) = preSolution
		HideSolutionNode = FALSE
	EndGlobalSection
EndGlobal
